
Microsoft Visual Studio Solution File, Format Version 12.00
# Visual Studio Version 16
VisualStudioVersion = 16.0.809.5
MinimumVisualStudioVersion = 10.0.40219.1
Project("{FAE04EC0-301F-11D3-BF4B-00C04F79EFBC}") = "CarShop", "CarShop.csproj", "{1EA9AA0D-C8FF-4BEE-AFF1-52F25A4BB76B}"
EndProject
Global
	GlobalSection(SolutionConfigurationPlatforms) = preSolution
		Debug|Any CPU = Debug|Any CPU
		Release|Any CPU = Release|Any CPU
	EndGlobalSection
	GlobalSection(ProjectConfigurationPlatforms) = postSolution
		{1EA9AA0D-C8FF-4BEE-AFF1-52F25A4BB76B}.Debug|Any CPU.ActiveCfg = Debug|Any CPU
		{1EA9AA0D-C8FF-4BEE-AFF1-52F25A4BB76B}.Debug|Any CPU.Build.0 = Debug|Any CPU
		{1EA9AA0D-C8FF-4BEE-AFF1-52F25A4BB76B}.Release|Any CPU.ActiveCfg = Release|Any CPU
		{1EA9AA0D-C8FF-4BEE-AFF1-52F25A4BB76B}.Release|Any CPU.Build.0 = Release|Any CPU
	EndGlobalSection
	GlobalSection(SolutionProperties) = preSolution
		HideSolutionNode = FALSE
	EndGlobalSection
	GlobalSection(ExtensibilityGlobals) = postSolution
		SolutionGuid = {20BC1233-8E9B-4A04-B32A-923BA7C205A3}
	EndGlobalSection
EndGlobal
